
Microsoft Visual Studio Solution File, Format Version 12.00
# Visual Studio Version 17
VisualStudioVersion = 17.14.36717.8 d17.14
MinimumVisualStudioVersion = 10.0.40219.1
Project("{F184B08F-C81C-45F6-A57F-5ABD9991F28F}") = "TaskFlow", "TaskFlow.vbproj", "{75F04316-A3E8-4AB9-9A21-2921FA04BAAD}"
EndProject
Global
	GlobalSection(SolutionConfigurationPlatforms) = preSolution
		Debug|Any CPU = Debug|Any CPU
		Release|Any CPU = Release|Any CPU
	EndGlobalSection
	GlobalSection(ProjectConfigurationPlatforms) = postSolution
		{75F04316-A3E8-4AB9-9A21-2921FA04BAAD}.Debug|Any CPU.ActiveCfg = Debug|Any CPU
		{75F04316-A3E8-4AB9-9A21-2921FA04BAAD}.Debug|Any CPU.Build.0 = Debug|Any CPU
		{75F04316-A3E8-4AB9-9A21-2921FA04BAAD}.Release|Any CPU.ActiveCfg = Release|Any CPU
		{75F04316-A3E8-4AB9-9A21-2921FA04BAAD}.Release|Any CPU.Build.0 = Release|Any CPU
	EndGlobalSection
	GlobalSection(SolutionProperties) = preSolution
		HideSolutionNode = FALSE
	EndGlobalSection
	GlobalSection(ExtensibilityGlobals) = postSolution
		SolutionGuid = {C43ADABC-9D2E-43A3-9ABA-7AE80A3296AB}
	EndGlobalSection
EndGlobal
